
Microsoft Visual Studio Solution File, Format Version 12.00
# Visual Studio Version 16
VisualStudioVersion = 16.0.30907.101
MinimumVisualStudioVersion = 10.0.40219.1
Project("{FAE04EC0-301F-11D3-BF4B-00C04F79EFBC}") = "PizzaTest", "PizzaTest\PizzaTest.csproj", "{DA7AAF6E-57AC-4C08-8C0D-632328E4255B}"
EndProject
Global
	GlobalSection(SolutionConfigurationPlatforms) = preSolution
		Debug|Any CPU = Debug|Any CPU
		Release|Any CPU = Release|Any CPU
	EndGlobalSection
	GlobalSection(ProjectConfigurationPlatforms) = postSolution
		{DA7AAF6E-57AC-4C08-8C0D-632328E4255B}.Debug|Any CPU.ActiveCfg = Debug|Any CPU
		{DA7AAF6E-57AC-4C08-8C0D-632328E4255B}.Debug|Any CPU.Build.0 = Debug|Any CPU
		{DA7AAF6E-57AC-4C08-8C0D-632328E4255B}.Release|Any CPU.ActiveCfg = Release|Any CPU
		{DA7AAF6E-57AC-4C08-8C0D-632328E4255B}.Release|Any CPU.Build.0 = Release|Any CPU
	EndGlobalSection
	GlobalSection(SolutionProperties) = preSolution
		HideSolutionNode = FALSE
	EndGlobalSection
	GlobalSection(ExtensibilityGlobals) = postSolution
		SolutionGuid = {11B5197C-8C59-46FF-801D-D6C209774EC2}
	EndGlobalSection
EndGlobal
